// !$*UTF8*$!
{
	archiveVersion = 1;
	classes = {
	};
	objectVersion = 46;
	objects = {

/* Begin PBXBuildFile section */
		172852611EFFA94300FDDF0D /* AppDelegate.swift in Sources */ = {isa = PBXBuildFile; fileRef = 172852601EFFA94300FDDF0D /* AppDelegate.swift */; };
		172852631EFFA94300FDDF0D /* ViewController.swift in Sources */ = {isa = PBXBuildFile; fileRef = 172852621EFFA94300FDDF0D /* ViewController.swift */; };
		172852661EFFA94300FDDF0D /* Main.storyboard in Resources */ = {isa = PBXBuildFile; fileRef = 172852641EFFA94300FDDF0D /* Main.storyboard */; };
		172852681EFFA94300FDDF0D /* Assets.xcassets in Resources */ = {isa = PBXBuildFile; fileRef = 172852671EFFA94300FDDF0D /* Assets.xcassets */; };
		1728526B1EFFA94300FDDF0D /* LaunchScreen.storyboard in Resources */ = {isa = PBXBuildFile; fileRef = 172852691EFFA94300FDDF0D /* LaunchScreen.storyboard */; };
/* End PBXBuildFile section */

/* Begin PBXFileReference section */
		1728525D1EFFA94300FDDF0D /* REST API Usage.app */ = {isa = PBXFileReference; explicitFileType = wrapper.application; includeInIndex = 0; path = "REST API Usage.app"; sourceTree = BUILT_PRODUCTS_DIR; };
		172852601EFFA94300FDDF0D /* AppDelegate.swift */ = {isa = PBXFileReference; lastKnownFileType = sourcecode.swift; path = AppDelegate.swift; sourceTree = "<group>"; };
		172852621EFFA94300FDDF0D /* ViewController.swift */ = {isa = PBXFileReference; lastKnownFileType = sourcecode.swift; path = ViewController.swift; sourceTree = "<group>"; };
		172852651EFFA94300FDDF0D /* Base */ = {isa = PBXFileReference; lastKnownFileType = file.storyboard; name = Base; path = Base.lproj/Main.storyboard; sourceTree = "<group>"; };
		172852671EFFA94300FDDF0D /* Assets.xcassets */ = {isa = PBXFileReference; lastKnownFileType = folder.assetcatalog; path = Assets.xcassets; sourceTree = "<group>"; };
		1728526A1EFFA94300FDDF0D /* Base */ = {isa = PBXFileReference; lastKnownFileType = file.storyboard; name = Base; path = Base.lproj/LaunchScreen.storyboard; sourceTree = "<group>"; };
		1728526C1EFFA94300FDDF0D /* Info.plist */ = {isa = PBXFileReference; lastKnownFileType = text.plist.xml; path = Info.plist; sourceTree = "<group>"; };
/* End PBXFileReference section */

/* Begin PBXFrameworksBuildPhase section */
		1728525A1EFFA94300FDDF0D /* Frameworks */ = {
			isa = PBXFrameworksBuildPhase;
			buildActionMask = 2147483647;
			files = (
			);
			runOnlyForDeploymentPostprocessing = 0;
		};
/* End PBXFrameworksBuildPhase section */

/* Begin PBXGroup section */
		172852541EFFA94300FDDF0D = {
			isa = PBXGroup;
			children = (
				1728525F1EFFA94300FDDF0D /* REST API Usage */,
				1728525E1EFFA94300FDDF0D /* Products */,
			);
			sourceTree = "<group>";
		};
		1728525E1EFFA94300FDDF0D /* Products */ = {
			isa = PBXGroup;
			children = (
				1728525D1EFFA94300FDDF0D /* REST API Usage.app */,
			);
			name = Products;
			sourceTree = "<group>";
		};
		1728525F1EFFA94300FDDF0D /* REST API Usage */ = {
			isa = PBXGroup;
			children = (
				172852601EFFA94300FDDF0D /* AppDelegate.swift */,
				172852621EFFA94300FDDF0D /* ViewController.swift */,
				172852641EFFA94300FDDF0D /* Main.storyboard */,
				172852671EFFA94300FDDF0D /* Assets.xcassets */,
				172852691EFFA94300FDDF0D /* LaunchScreen.storyboard */,
				1728526C1EFFA94300FDDF0D /* Info.plist */,
			);
			path = "REST API Usage";
			sourceTree = "<group>";
		};
/* End PBXGroup section */

/* Begin PBXNativeTarget section */
		1728525C1EFFA94300FDDF0D /* REST API Usage */ = {
			isa = PBXNativeTarget;
			buildConfigurationList = 1728526F1EFFA94300FDDF0D /* Build configuration list for PBXNativeTarget "REST API Usage" */;
			buildPhases = (
				172852591EFFA94300FDDF0D /* Sources */,
				1728525A1EFFA94300FDDF0D /* Frameworks */,
				1728525B1EFFA94300FDDF0D /* Resources */,
			);
			buildRules = (
			);
			dependencies = (
			);
			name = "REST API Usage";
			productName = "REST API Usage";
			productReference = 1728525D1EFFA94300FDDF0D /* REST API Usage.app */;
			productType = "com.apple.product-type.application";
		};
/* End PBXNativeTarget section */

/* Begin PBXProject section */
		172852551EFFA94300FDDF0D /* Project object */ = {
			isa = PBXProject;
			attributes = {
				LastSwiftUpdateCheck = 0830;
				LastUpgradeCheck = 0830;
				ORGANIZATIONNAME = "Damian Markowski";
				TargetAttributes = {
					1728525C1EFFA94300FDDF0D = {
						CreatedOnToolsVersion = 8.3.3;
						ProvisioningStyle = Automatic;
					};
				};
			};
			buildConfigurationList = 172852581EFFA94300FDDF0D /* Build configuration list for PBXProject "REST API Usage" */;
			compatibilityVersion = "Xcode 3.2";
			developmentRegion = English;
			hasScannedForEncodings = 0;
			knownRegions = (
				en,
				Base,
			);
			mainGroup = 172852541EFFA94300FDDF0D;
			productRefGroup = 1728525E1EFFA94300FDDF0D /* Products */;
			projectDirPath = "";
			projectRoot = "";
			targets = (
				1728525C1EFFA94300FDDF0D /* REST API Usage */,
			);
		};
/* End PBXProject section */

/* Begin PBXResourcesBuildPhase section */
		1728525B1EFFA94300FDDF0D /* Resources */ = {
			isa = PBXResourcesBuildPhase;
			buildActionMask = 2147483647;
			files = (
				1728526B1EFFA94300FDDF0D /* LaunchScreen.storyboard in Resources */,
				172852681EFFA94300FDDF0D /* Assets.xcassets in Resources */,
				172852661EFFA94300FDDF0D /* Main.storyboard in Resources */,
			);
			runOnlyForDeploymentPostprocessing = 0;
		};
/* End PBXResourcesBuildPhase section */

/* Begin PBXSourcesBuildPhase section */
		172852591EFFA94300FDDF0D /* Sources */ = {
			isa = PBXSourcesBuildPhase;
			buildActionMask = 2147483647;
			files = (
				172852631EFFA94300FDDF0D /* ViewController.swift in Sources */,
				172852611EFFA94300FDDF0D /* AppDelegate.swift in Sources */,
			);
			runOnlyForDeploymentPostprocessing = 0;
		};
/* End PBXSourcesBuildPhase section */

/* Begin PBXVariantGroup section */
		172852641EFFA94300FDDF0D /* Main.storyboard */ = {
			isa = PBXVariantGroup;
			children = (
				172852651EFFA94300FDDF0D /* Base */,
			);
			name = Main.storyboard;
			sourceTree = "<group>";
		};
		172852691EFFA94300FDDF0D /* LaunchScreen.storyboard */ = {
			isa = PBXVariantGroup;
			children = (
				1728526A1EFFA94300FDDF0D /* Base */,
			);
			name = LaunchScreen.storyboard;
			sourceTree = "<group>";
		};
/* End PBXVariantGroup section */

/* Begin XCBuildConfiguration section */
		1728526D1EFFA94300FDDF0D /* Debug */ = {
			isa = XCBuildConfiguration;
			buildSettings = {
				ALWAYS_SEARCH_USER_PATHS = NO;
				CLANG_ANALYZER_NONNULL = YES;
				CLANG_ANALYZER_NUMBER_OBJECT_CONVERSION = YES_AGGRESSIVE;
				CLANG_CXX_LANGUAGE_STANDARD = "gnu++0x";
				CLANG_CXX_LIBRARY = "libc++";
				CLANG_ENABLE_MODULES = YES;
				CLANG_ENABLE_OBJC_ARC = YES;
				CLANG_WARN_BOOL_CONVERSION = YES;
				CLANG_WARN_CONSTANT_CONVERSION = YES;
				CLANG_WARN_DIRECT_OBJC_ISA_USAGE = YES_ERROR;
				CLANG_WARN_DOCUMENTATION_COMMENTS = YES;
				CLANG_WARN_EMPTY_BODY = YES;
				CLANG_WARN_ENUM_CONVERSION = YES;
				CLANG_WARN_INFINITE_RECURSION = YES;
				CLANG_WARN_INT_CONVERSION = YES;
				CLANG_WARN_OBJC_ROOT_CLASS = YES_ERROR;
				CLANG_WARN_SUSPICIOUS_MOVE = YES;
				CLANG_WARN_UNREACHABLE_CODE = YES;
				CLANG_WARN__DUPLICATE_METHOD_MATCH = YES;
				"CODE_SIGN_IDENTITY[sdk=iphoneos*]" = "iPhone Developer";
				COPY_PHASE_STRIP = NO;
				DEBUG_INFORMATION_FORMAT = dwarf;
				ENABLE_STRICT_OBJC_MSGSEND = YES;
				ENABLE_TESTABILITY = YES;
				GCC_C_LANGUAGE_STANDARD = gnu99;
				GCC_DYNAMIC_NO_PIC = NO;
				GCC_NO_COMMON_BLOCKS = YES;
				GCC_OPTIMIZATION_LEVEL = 0;
				GCC_PREPROCESSOR_DEFINITIONS = (
					"DEBUG=1",
					"$(inherited)",
				);
				GCC_WARN_64_TO_32_BIT_CONVERSION = YES;
				GCC_WARN_ABOUT_RETURN_TYPE = YES_ERROR;
				GCC_WARN_UNDECLARED_SELECTOR = YES;
				GCC_WARN_UNINITIALIZED_AUTOS = YES_AGGRESSIVE;
				GCC_WARN_UNUSED_FUNCTION = YES;
				GCC_WARN_UNUSED_VARIABLE = YES;
				IPHONEOS_DEPLOYMENT_TARGET = 10.3;
				MTL_ENABLE_DEBUG_INFO = YES;
				ONLY_ACTIVE_ARCH = YES;
				SDKROOT = iphoneos;
				SWIFT_ACTIVE_COMPILATION_CONDITIONS = DEBUG;
				SWIFT_OPTIMIZATION_LEVEL = "-Onone";
			};
			name = Debug;
		};
		1728526E1EFFA94300FDDF0D /* Release */ = {
			isa = XCBuildConfiguration;
			buildSettings = {
				ALWAYS_SEARCH_USER_PATHS = NO;
				CLANG_ANALYZER_NONNULL = YES;
				CLANG_ANALYZER_NUMBER_OBJECT_CONVERSION = YES_AGGRESSIVE;
				CLANG_CXX_LANGUAGE_STANDARD = "gnu++0x";
				CLANG_CXX_LIBRARY = "libc++";
				CLANG_ENABLE_MODULES = YES;
				CLANG_ENABLE_OBJC_ARC = YES;
				CLANG_WARN_BOOL_CONVERSION = YES;
				CLANG_WARN_CONSTANT_CONVERSION = YES;
				CLANG_WARN_DIRECT_OBJC_ISA_USAGE = YES_ERROR;
				CLANG_WARN_DOCUMENTATION_COMMENTS = YES;
				CLANG_WARN_EMPTY_BODY = YES;
				CLANG_WARN_ENUM_CONVERSION = YES;
				CLANG_WARN_INFINITE_RECURSION = YES;
				CLANG_WARN_INT_CONVERSION = YES;
				CLANG_WARN_OBJC_ROOT_CLASS = YES_ERROR;
				CLANG_WARN_SUSPICIOUS_MOVE = YES;
				CLANG_WARN_UNREACHABLE_CODE = YES;
				CLANG_WARN__DUPLICATE_METHOD_MATCH = YES;
				"CODE_SIGN_IDENTITY[sdk=iphoneos*]" = "iPhone Developer";
				COPY_PHASE_STRIP = NO;
				DEBUG_INFORMATION_FORMAT = "dwarf-with-dsym";
				ENABLE_NS_ASSERTIONS = NO;
				ENABLE_STRICT_OBJC_MSGSEND = YES;
				GCC_C_LANGUAGE_STANDARD = gnu99;
				GCC_NO_COMMON_BLOCKS = YES;
				GCC_WARN_64_TO_32_BIT_CONVERSION = YES;
				GCC_WARN_ABOUT_RETURN_TYPE = YES_ERROR;
				GCC_WARN_UNDECLARED_SELECTOR = YES;
				GCC_WARN_UNINITIALIZED_AUTOS = YES_AGGRESSIVE;
				GCC_WARN_UNUSED_FUNCTION = YES;
				GCC_WARN_UNUSED_VARIABLE = YES;
				IPHONEOS_DEPLOYMENT_TARGET = 10.3;
				MTL_ENABLE_DEBUG_INFO = NO;
				SDKROOT = iphoneos;
				SWIFT_OPTIMIZATION_LEVEL = "-Owholemodule";
				VALIDATE_PRODUCT = YES;
			};
			name = Release;
		};
		172852701EFFA94300FDDF0D /* Debug */ = {
			isa = XCBuildConfiguration;
			buildSettings = {
				ASSETCATALOG_COMPILER_APPICON_NAME = AppIcon;
				INFOPLIST_FILE = "REST API Usage/Info.plist";
				LD_RUNPATH_SEARCH_PATHS = "$(inherited) @executable_path/Frameworks";
				PRODUCT_BUNDLE_IDENTIFIER = "pl.damianmarkowski.REST-API-Usage";
				PRODUCT_NAME = "$(TARGET_NAME)";
				SWIFT_VERSION = 3.0;
			};
			name = Debug;
		};
		172852711EFFA94300FDDF0D /* Release */ = {
			isa = XCBuildConfiguration;
			buildSettings = {
				ASSETCATALOG_COMPILER_APPICON_NAME = AppIcon;
				INFOPLIST_FILE = "REST API Usage/Info.plist";
				LD_RUNPATH_SEARCH_PATHS = "$(inherited) @executable_path/Frameworks";
				PRODUCT_BUNDLE_IDENTIFIER = "pl.damianmarkowski.REST-API-Usage";
				PRODUCT_NAME = "$(TARGET_NAME)";
				SWIFT_VERSION = 3.0;
			};
			name = Release;
		};
/* End XCBuildConfiguration section */

/* Begin XCConfigurationList section */
		172852581EFFA94300FDDF0D /* Build configuration list for PBXProject "REST API Usage" */ = {
			isa = XCConfigurationList;
			buildConfigurations = (
				1728526D1EFFA94300FDDF0D /* Debug */,
				1728526E1EFFA94300FDDF0D /* Release */,
			);
			defaultConfigurationIsVisible = 0;
			defaultConfigurationName = Release;
		};
		1728526F1EFFA94300FDDF0D /* Build configuration list for PBXNativeTarget "REST API Usage" */ = {
			isa = XCConfigurationList;
			buildConfigurations = (
				172852701EFFA94300FDDF0D /* Debug */,
				172852711EFFA94300FDDF0D /* Release */,
			);
			defaultConfigurationIsVisible = 0;
		};
/* End XCConfigurationList section */
	};
	rootObject = 172852551EFFA94300FDDF0D /* Project object */;
}
